
Microsoft Visual Studio Solution File, Format Version 12.00
# Visual Studio Version 17
VisualStudioVersion = 17.7.34202.233
MinimumVisualStudioVersion = 10.0.40219.1
Project("{FAE04EC0-301F-11D3-BF4B-00C04F79EFBC}") = "AngularTest1", "AngularTest1\AngularTest1.csproj", "{0B9CC385-A353-4C97-9C3D-C55000D1BA27}"
EndProject
Global
	GlobalSection(SolutionConfigurationPlatforms) = preSolution
		Debug|Any CPU = Debug|Any CPU
		Release|Any CPU = Release|Any CPU
	EndGlobalSection
	GlobalSection(ProjectConfigurationPlatforms) = postSolution
		{0B9CC385-A353-4C97-9C3D-C55000D1BA27}.Debug|Any CPU.ActiveCfg = Debug|Any CPU
		{0B9CC385-A353-4C97-9C3D-C55000D1BA27}.Debug|Any CPU.Build.0 = Debug|Any CPU
		{0B9CC385-A353-4C97-9C3D-C55000D1BA27}.Release|Any CPU.ActiveCfg = Release|Any CPU
		{0B9CC385-A353-4C97-9C3D-C55000D1BA27}.Release|Any CPU.Build.0 = Release|Any CPU
	EndGlobalSection
	GlobalSection(SolutionProperties) = preSolution
		HideSolutionNode = FALSE
	EndGlobalSection
	GlobalSection(ExtensibilityGlobals) = postSolution
		SolutionGuid = {C4D92F42-1684-4FD8-AF1C-815E62B5E9A0}
	EndGlobalSection
EndGlobal
